lockfileVersion: '9.0'

settings:
  autoInstallPeers: true
  excludeLinksFromLockfile: false

importers:

  .:
    dependencies:
      swag:
        specifier: ^0.7.0
        version: 0.7.0
    devDependencies:
      '@biomejs/biome':
        specifier: 1.9.4
        version: 1.9.4
      '@commitlint/config-conventional':
        specifier: ^19.8.0
        version: 19.8.0
      lefthook:
        specifier: ^1.10.10
        version: 1.11.3

packages:

  '@biomejs/biome@1.9.4':
    resolution: {integrity: sha512-1rkd7G70+o9KkTn5KLmDYXihGoTaIGO9PIIN2ZB7UJxFrWw04CZHPYiMRjYsaDvVV7hP1dYNRLxSANLaBFGpog==}
    engines: {node: '>=14.21.3'}
    hasBin: true

  '@biomejs/cli-darwin-arm64@1.9.4':
    resolution: {integrity: sha512-bFBsPWrNvkdKrNCYeAp+xo2HecOGPAy9WyNyB/jKnnedgzl4W4Hb9ZMzYNbf8dMCGmUdSavlYHiR01QaYR58cw==}
    engines: {node: '>=14.21.3'}
    cpu: [arm64]
    os: [darwin]

  '@biomejs/cli-darwin-x64@1.9.4':
    resolution: {integrity: sha512-ngYBh/+bEedqkSevPVhLP4QfVPCpb+4BBe2p7Xs32dBgs7rh9nY2AIYUL6BgLw1JVXV8GlpKmb/hNiuIxfPfZg==}
    engines: {node: '>=14.21.3'}
    cpu: [x64]
    os: [darwin]

  '@biomejs/cli-linux-arm64-musl@1.9.4':
    resolution: {integrity: sha512-v665Ct9WCRjGa8+kTr0CzApU0+XXtRgwmzIf1SeKSGAv+2scAlW6JR5PMFo6FzqqZ64Po79cKODKf3/AAmECqA==}
    engines: {node: '>=14.21.3'}
    cpu: [arm64]
    os: [linux]

  '@biomejs/cli-linux-arm64@1.9.4':
    resolution: {integrity: sha512-fJIW0+LYujdjUgJJuwesP4EjIBl/N/TcOX3IvIHJQNsAqvV2CHIogsmA94BPG6jZATS4Hi+xv4SkBBQSt1N4/g==}
    engines: {node: '>=14.21.3'}
    cpu: [arm64]
    os: [linux]

  '@biomejs/cli-linux-x64-musl@1.9.4':
    resolution: {integrity: sha512-gEhi/jSBhZ2m6wjV530Yy8+fNqG8PAinM3oV7CyO+6c3CEh16Eizm21uHVsyVBEB6RIM8JHIl6AGYCv6Q6Q9Tg==}
    engines: {node: '>=14.21.3'}
    cpu: [x64]
    os: [linux]

  '@biomejs/cli-linux-x64@1.9.4':
    resolution: {integrity: sha512-lRCJv/Vi3Vlwmbd6K+oQ0KhLHMAysN8lXoCI7XeHlxaajk06u7G+UsFSO01NAs5iYuWKmVZjmiOzJ0OJmGsMwg==}
    engines: {node: '>=14.21.3'}
    cpu: [x64]
    os: [linux]

  '@biomejs/cli-win32-arm64@1.9.4':
    resolution: {integrity: sha512-tlbhLk+WXZmgwoIKwHIHEBZUwxml7bRJgk0X2sPyNR3S93cdRq6XulAZRQJ17FYGGzWne0fgrXBKpl7l4M87Hg==}
    engines: {node: '>=14.21.3'}
    cpu: [arm64]
    os: [win32]

  '@biomejs/cli-win32-x64@1.9.4':
    resolution: {integrity: sha512-8Y5wMhVIPaWe6jw2H+KlEm4wP/f7EW3810ZLmDlrEEy5KvBsb9ECEfu/kMWD484ijfQ8+nIi0giMgu9g1UAuuA==}
    engines: {node: '>=14.21.3'}
    cpu: [x64]
    os: [win32]

  '@commitlint/config-conventional@19.8.0':
    resolution: {integrity: sha512-9I2kKJwcAPwMoAj38hwqFXG0CzS2Kj+SAByPUQ0SlHTfb7VUhYVmo7G2w2tBrqmOf7PFd6MpZ/a1GQJo8na8kw==}
    engines: {node: '>=v18'}

  '@commitlint/types@19.8.0':
    resolution: {integrity: sha512-LRjP623jPyf3Poyfb0ohMj8I3ORyBDOwXAgxxVPbSD0unJuW2mJWeiRfaQinjtccMqC5Wy1HOMfa4btKjbNxbg==}
    engines: {node: '>=v18'}

  '@types/conventional-commits-parser@5.0.1':
    resolution: {integrity: sha512-7uz5EHdzz2TqoMfV7ee61Egf5y6NkcO4FB/1iCCQnbeiI1F3xzv3vK5dBCXUCLQgGYS+mUeigK1iKQzvED+QnQ==}

  '@types/node@22.13.13':
    resolution: {integrity: sha512-ClsL5nMwKaBRwPcCvH8E7+nU4GxHVx1axNvMZTFHMEfNI7oahimt26P5zjVCRrjiIWj6YFXfE1v3dEp94wLcGQ==}

  amdefine@1.0.1:
    resolution: {integrity: sha512-S2Hw0TtNkMJhIabBwIojKL9YHO5T0n5eNqWJ7Lrlel/zDbftQpxpapi8tZs3X1HWa+u+QeydGmzzNU0m09+Rcg==}
    engines: {node: '>=0.4.2'}

  array-ify@1.0.0:
    resolution: {integrity: sha512-c5AMf34bKdvPhQ7tBGhqkgKNUzMr4WUs+WDtC2ZUGOUncbxKMTvqxYctiseW3+L4bA8ec+GcZ6/A/FW4m8ukng==}

  async@0.2.10:
    resolution: {integrity: sha512-eAkdoKxU6/LkKDBzLpT+t6Ff5EtfSF4wx1WfJiPEEV7WNLnDaRXk0oVysiEPm262roaachGexwUv94WhSgN5TQ==}

  chalk@5.4.1:
    resolution: {integrity: sha512-zgVZuo2WcZgfUEmsn6eO3kINexW8RAE4maiQ8QNs8CtpPCSyMiYsULR3HQYkm3w8FIA3SberyMJMSldGsW+U3w==}
    engines: {node: ^12.17.0 || ^14.13 || >=16.0.0}

  compare-func@2.0.0:
    resolution: {integrity: sha512-zHig5N+tPWARooBnb0Zx1MFcdfpyJrfTJ3Y5L+IFvUm8rM74hHz66z0gw0x4tijh5CorKkKUCnW82R2vmpeCRA==}

  conventional-changelog-conventionalcommits@7.0.2:
    resolution: {integrity: sha512-NKXYmMR/Hr1DevQegFB4MwfM5Vv0m4UIxKZTTYuD98lpTknaZlSRrDOG4X7wIXpGkfsYxZTghUN+Qq+T0YQI7w==}
    engines: {node: '>=16'}

  dot-prop@5.3.0:
    resolution: {integrity: sha512-QM8q3zDe58hqUqjraQOmzZ1LIH9SWQJTlEKCH4kJ2oQvLZk7RbQXvtDM2XEq3fwkV9CCvvH4LA0AV+ogFsBM2Q==}
    engines: {node: '>=8'}

  handlebars@1.3.0:
    resolution: {integrity: sha512-l7sLUTqXCkc1Ypoy8mSOWZFEZJK3VYQYnLfIVTRJeSHdgzt6hXkQ0uPGugydPa99KyyBdsi0J3WvYfm/HX5naQ==}
    engines: {node: '>=0.4.7'}
    hasBin: true

  is-obj@2.0.0:
    resolution: {integrity: sha512-drqDG3cbczxxEJRoOXcOjtdp1J/lyp1mNn0xaznRs8+muBhgQcrnbspox5X5fOw0HnMnbfDzvnEMEtqDEJEo8w==}
    engines: {node: '>=8'}

  lefthook-darwin-arm64@1.11.3:
    resolution: {integrity: sha512-IYzAOf8Qwqk7q+LoRyy7kSk9vzpUZ5wb/vLzEAH/F86Vay9AUaWe1f2pzeLwFg18qEc1QNklT69h9p/uLQMojA==}
    cpu: [arm64]
    os: [darwin]

  lefthook-darwin-x64@1.11.3:
    resolution: {integrity: sha512-z/Wp7UMjE1Vyl+x9sjN3NvN6qKdwgHl+cDf98MKKDg/WyPE5XnzqLm9rLLJgImjyClfH7ptTfZxEyhTG3M3XvQ==}
    cpu: [x64]
    os: [darwin]

  lefthook-freebsd-arm64@1.11.3:
    resolution: {integrity: sha512-QevwQ7lrv5wBCkk7LLTzT5KR3Bk/5nttSxT1UH2o0EsgirS/c2K5xSgQmV6m3CiZYuCe2Pja4BSIwN3zt17SMw==}
    cpu: [arm64]
    os: [freebsd]

  lefthook-freebsd-x64@1.11.3:
    resolution: {integrity: sha512-PYbcyNgdJJ4J2pEO9Ss4oYo5yq4vmQGTKm3RTYbRx4viSWR65hvKCP0C4LnIqspMvmR05SJi2bqe7UBP2t60EA==}
    cpu: [x64]
    os: [freebsd]

  lefthook-linux-arm64@1.11.3:
    resolution: {integrity: sha512-0pBMBAoafOAEg345eOPozsmRjWR0zCr6k+m5ZxwRBZbZx1bQFDqBakQ3TpFCphhcykmgFyaa1KeZJZUOrEsezA==}
    cpu: [arm64]
    os: [linux]

  lefthook-linux-x64@1.11.3:
    resolution: {integrity: sha512-eiezheZ/bisBCMB2Ur0mctug/RDFyu39B5wzoE8y4z0W1yw6jHGrWMJ4Y8+5qKZ7fmdZg+7YPuMHZ2eFxOnhQA==}
    cpu: [x64]
    os: [linux]

  lefthook-openbsd-arm64@1.11.3:
    resolution: {integrity: sha512-DRLTzXdtCj/TizpLcGSqXcnrqvgxeXgn/6nqzclIGqNdKCsNXDzpI0D3sP13Vwwmyoqv2etoTak2IHqZiXZDqg==}
    cpu: [arm64]
    os: [openbsd]

  lefthook-openbsd-x64@1.11.3:
    resolution: {integrity: sha512-l7om+ZjWpYrVZyDuElwnucZhEqa7YfwlRaKBenkBxEh2zMje8O6Zodeuma1KmyDbSFvnvEjARo/Ejiot4gLXEw==}
    cpu: [x64]
    os: [openbsd]

  lefthook-windows-arm64@1.11.3:
    resolution: {integrity: sha512-X0iTrql2gfPAkU2dzRwuHWgW5RcqCPbzJtKQ41X6Y/F7iQacRknmuYUGyC81funSvzGAsvlusMVLUvaFjIKnbA==}
    cpu: [arm64]
    os: [win32]

  lefthook-windows-x64@1.11.3:
    resolution: {integrity: sha512-F+ORMn6YJXoS0EXU5LtN1FgV4QX9rC9LucZEkRmK6sKmS7hcb9IHpyb7siRGytArYzJvXVjPbxPBNSBdN4egZQ==}
    cpu: [x64]
    os: [win32]

  lefthook@1.11.3:
    resolution: {integrity: sha512-HJp37y62j3j8qzAOODWuUJl4ysLwsDvCTBV6odr3jIRHR/a5e+tI14VQGIBcpK9ysqC3pGWyW5Rp9Jv1YDubyw==}
    hasBin: true

  optimist@0.3.7:
    resolution: {integrity: sha512-TCx0dXQzVtSCg2OgY/bO9hjM9cV4XYx09TVK+s3+FhkjT6LovsLe+pPMzpWf+6yXK/hUizs2gUoTw3jHM0VaTQ==}

  source-map@0.1.43:
    resolution: {integrity: sha512-VtCvB9SIQhk3aF6h+N85EaqIaBFIAfZ9Cu+NJHHVvc8BbEcnvDcFw6sqQ2dQrT6SlOrZq3tIvyD9+EGq/lJryQ==}
    engines: {node: '>=0.8.0'}

  swag@0.7.0:
    resolution: {integrity: sha512-9pd1T3gNpUcmYFHC+YBOUOw9RdoM2+G6Gkp4SGhD5oI4CTH4BRmqtmrGezBb6uwzJ16K7C+SLsaGkyax1TPE1A==}

  uglify-js@2.3.6:
    resolution: {integrity: sha512-T2LWWydxf5+Btpb0S/Gg/yKFmYjnX9jtQ4mdN9YRq73BhN21EhU0Dvw3wYDLqd3TooGUJlCKf3Gfyjjy/RTcWA==}
    engines: {node: '>=0.4.0'}
    hasBin: true

  undici-types@6.20.0:
    resolution: {integrity: sha512-Ny6QZ2Nju20vw1SRHe3d9jVu6gJ+4e3+MMpqu7pqE5HT6WsTSlce++GQmK5UXS8mzV8DSYHrQH+Xrf2jVcuKNg==}

  wordwrap@0.0.3:
    resolution: {integrity: sha512-1tMA907+V4QmxV7dbRvb4/8MaRALK6q9Abid3ndMYnbyo8piisCmeONVqVSXqQA3KaP4SLt5b7ud6E2sqP8TFw==}
    engines: {node: '>=0.4.0'}

snapshots:

  '@biomejs/biome@1.9.4':
    optionalDependencies:
      '@biomejs/cli-darwin-arm64': 1.9.4
      '@biomejs/cli-darwin-x64': 1.9.4
      '@biomejs/cli-linux-arm64': 1.9.4
      '@biomejs/cli-linux-arm64-musl': 1.9.4
      '@biomejs/cli-linux-x64': 1.9.4
      '@biomejs/cli-linux-x64-musl': 1.9.4
      '@biomejs/cli-win32-arm64': 1.9.4
      '@biomejs/cli-win32-x64': 1.9.4

  '@biomejs/cli-darwin-arm64@1.9.4':
    optional: true

  '@biomejs/cli-darwin-x64@1.9.4':
    optional: true

  '@biomejs/cli-linux-arm64-musl@1.9.4':
    optional: true

  '@biomejs/cli-linux-arm64@1.9.4':
    optional: true

  '@biomejs/cli-linux-x64-musl@1.9.4':
    optional: true

  '@biomejs/cli-linux-x64@1.9.4':
    optional: true

  '@biomejs/cli-win32-arm64@1.9.4':
    optional: true

  '@biomejs/cli-win32-x64@1.9.4':
    optional: true

  '@commitlint/config-conventional@19.8.0':
    dependencies:
      '@commitlint/types': 19.8.0
      conventional-changelog-conventionalcommits: 7.0.2

  '@commitlint/types@19.8.0':
    dependencies:
      '@types/conventional-commits-parser': 5.0.1
      chalk: 5.4.1

  '@types/conventional-commits-parser@5.0.1':
    dependencies:
      '@types/node': 22.13.13

  '@types/node@22.13.13':
    dependencies:
      undici-types: 6.20.0

  amdefine@1.0.1:
    optional: true

  array-ify@1.0.0: {}

  async@0.2.10:
    optional: true

  chalk@5.4.1: {}

  compare-func@2.0.0:
    dependencies:
      array-ify: 1.0.0
      dot-prop: 5.3.0

  conventional-changelog-conventionalcommits@7.0.2:
    dependencies:
      compare-func: 2.0.0

  dot-prop@5.3.0:
    dependencies:
      is-obj: 2.0.0

  handlebars@1.3.0:
    dependencies:
      optimist: 0.3.7
    optionalDependencies:
      uglify-js: 2.3.6

  is-obj@2.0.0: {}

  lefthook-darwin-arm64@1.11.3:
    optional: true

  lefthook-darwin-x64@1.11.3:
    optional: true

  lefthook-freebsd-arm64@1.11.3:
    optional: true

  lefthook-freebsd-x64@1.11.3:
    optional: true

  lefthook-linux-arm64@1.11.3:
    optional: true

  lefthook-linux-x64@1.11.3:
    optional: true

  lefthook-openbsd-arm64@1.11.3:
    optional: true

  lefthook-openbsd-x64@1.11.3:
    optional: true

  lefthook-windows-arm64@1.11.3:
    optional: true

  lefthook-windows-x64@1.11.3:
    optional: true

  lefthook@1.11.3:
    optionalDependencies:
      lefthook-darwin-arm64: 1.11.3
      lefthook-darwin-x64: 1.11.3
      lefthook-freebsd-arm64: 1.11.3
      lefthook-freebsd-x64: 1.11.3
      lefthook-linux-arm64: 1.11.3
      lefthook-linux-x64: 1.11.3
      lefthook-openbsd-arm64: 1.11.3
      lefthook-openbsd-x64: 1.11.3
      lefthook-windows-arm64: 1.11.3
      lefthook-windows-x64: 1.11.3

  optimist@0.3.7:
    dependencies:
      wordwrap: 0.0.3

  source-map@0.1.43:
    dependencies:
      amdefine: 1.0.1
    optional: true

  swag@0.7.0:
    dependencies:
      handlebars: 1.3.0

  uglify-js@2.3.6:
    dependencies:
      async: 0.2.10
      optimist: 0.3.7
      source-map: 0.1.43
    optional: true

  undici-types@6.20.0: {}

  wordwrap@0.0.3: {}
